// !$*UTF8*$!
{
	archiveVersion = 1;
	classes = {
	};
	objectVersion = 46;
	objects = {

/* Begin PBXBuildFile section */
		3FE010421B1D3875006AD626 /* AppDelegate.swift in Sources */ = {isa = PBXBuildFile; fileRef = 3FE010411B1D3875006AD626 /* AppDelegate.swift */; };
		3FE010441B1D3875006AD626 /* ViewController.swift in Sources */ = {isa = PBXBuildFile; fileRef = 3FE010431B1D3875006AD626 /* ViewController.swift */; };
		3FE010471B1D3875006AD626 /* Main.storyboard in Resources */ = {isa = PBXBuildFile; fileRef = 3FE010451B1D3875006AD626 /* Main.storyboard */; };
		3FE010491B1D3875006AD626 /* Images.xcassets in Resources */ = {isa = PBXBuildFile; fileRef = 3FE010481B1D3875006AD626 /* Images.xcassets */; };
		3FE0104C1B1D3876006AD626 /* LaunchScreen.xib in Resources */ = {isa = PBXBuildFile; fileRef = 3FE0104A1B1D3876006AD626 /* LaunchScreen.xib */; };
		3FE010581B1D3876006AD626 /* Pitch_PerfectTests.swift in Sources */ = {isa = PBXBuildFile; fileRef = 3FE010571B1D3876006AD626 /* Pitch_PerfectTests.swift */; };
/* End PBXBuildFile section */

/* Begin PBXContainerItemProxy section */
		3FE010521B1D3876006AD626 /* PBXContainerItemProxy */ = {
			isa = PBXContainerItemProxy;
			containerPortal = 3FE010341B1D3875006AD626 /* Project object */;
			proxyType = 1;
			remoteGlobalIDString = 3FE0103B1B1D3875006AD626;
			remoteInfo = "Pitch Perfect";
		};
/* End PBXContainerItemProxy section */

/* Begin PBXFileReference section */
		3FE0103C1B1D3875006AD626 /* Pitch Perfect.app */ = {isa = PBXFileReference; explicitFileType = wrapper.application; includeInIndex = 0; path = "Pitch Perfect.app"; sourceTree = BUILT_PRODUCTS_DIR; };
		3FE010401B1D3875006AD626 /* Info.plist */ = {isa = PBXFileReference; lastKnownFileType = text.plist.xml; path = Info.plist; sourceTree = "<group>"; };
		3FE010411B1D3875006AD626 /* AppDelegate.swift */ = {isa = PBXFileReference; lastKnownFileType = sourcecode.swift; path = AppDelegate.swift; sourceTree = "<group>"; };
		3FE010431B1D3875006AD626 /* ViewController.swift */ = {isa = PBXFileReference; lastKnownFileType = sourcecode.swift; path = ViewController.swift; sourceTree = "<group>"; };
		3FE010461B1D3875006AD626 /* Base */ = {isa = PBXFileReference; lastKnownFileType = file.storyboard; name = Base; path = Base.lproj/Main.storyboard; sourceTree = "<group>"; };
		3FE010481B1D3875006AD626 /* Images.xcassets */ = {isa = PBXFileReference; lastKnownFileType = folder.assetcatalog; path = Images.xcassets; sourceTree = "<group>"; };
		3FE0104B1B1D3876006AD626 /* Base */ = {isa = PBXFileReference; lastKnownFileType = file.xib; name = Base; path = Base.lproj/LaunchScreen.xib; sourceTree = "<group>"; };
		3FE010511B1D3876006AD626 /* Pitch PerfectTests.xctest */ = {isa = PBXFileReference; explicitFileType = wrapper.cfbundle; includeInIndex = 0; path = "Pitch PerfectTests.xctest"; sourceTree = BUILT_PRODUCTS_DIR; };
		3FE010561B1D3876006AD626 /* Info.plist */ = {isa = PBXFileReference; lastKnownFileType = text.plist.xml; path = Info.plist; sourceTree = "<group>"; };
		3FE010571B1D3876006AD626 /* Pitch_PerfectTests.swift */ = {isa = PBXFileReference; lastKnownFileType = sourcecode.swift; path = Pitch_PerfectTests.swift; sourceTree = "<group>"; };
/* End PBXFileReference section */

/* Begin PBXFrameworksBuildPhase section */
		3FE010391B1D3875006AD626 /* Frameworks */ = {
			isa = PBXFrameworksBuildPhase;
			buildActionMask = 2147483647;
			files = (
			);
			runOnlyForDeploymentPostprocessing = 0;
		};
		3FE0104E1B1D3876006AD626 /* Frameworks */ = {
			isa = PBXFrameworksBuildPhase;
			buildActionMask = 2147483647;
			files = (
			);
			runOnlyForDeploymentPostprocessing = 0;
		};
/* End PBXFrameworksBuildPhase section */

/* Begin PBXGroup section */
		3FE010331B1D3875006AD626 = {
			isa = PBXGroup;
			children = (
				3FE0103E1B1D3875006AD626 /* Pitch Perfect */,
				3FE010541B1D3876006AD626 /* Pitch PerfectTests */,
				3FE0103D1B1D3875006AD626 /* Products */,
			);
			sourceTree = "<group>";
		};
		3FE0103D1B1D3875006AD626 /* Products */ = {
			isa = PBXGroup;
			children = (
				3FE0103C1B1D3875006AD626 /* Pitch Perfect.app */,
				3FE010511B1D3876006AD626 /* Pitch PerfectTests.xctest */,
			);
			name = Products;
			sourceTree = "<group>";
		};
		3FE0103E1B1D3875006AD626 /* Pitch Perfect */ = {
			isa = PBXGroup;
			children = (
				3FE010411B1D3875006AD626 /* AppDelegate.swift */,
				3FE010431B1D3875006AD626 /* ViewController.swift */,
				3FE010451B1D3875006AD626 /* Main.storyboard */,
				3FE010481B1D3875006AD626 /* Images.xcassets */,
				3FE0104A1B1D3876006AD626 /* LaunchScreen.xib */,
				3FE0103F1B1D3875006AD626 /* Supporting Files */,
			);
			path = "Pitch Perfect";
			sourceTree = "<group>";
		};
		3FE0103F1B1D3875006AD626 /* Supporting Files */ = {
			isa = PBXGroup;
			children = (
				3FE010401B1D3875006AD626 /* Info.plist */,
			);
			name = "Supporting Files";
			sourceTree = "<group>";
		};
		3FE010541B1D3876006AD626 /* Pitch PerfectTests */ = {
			isa = PBXGroup;
			children = (
				3FE010571B1D3876006AD626 /* Pitch_PerfectTests.swift */,
				3FE010551B1D3876006AD626 /* Supporting Files */,
			);
			path = "Pitch PerfectTests";
			sourceTree = "<group>";
		};
		3FE010551B1D3876006AD626 /* Supporting Files */ = {
			isa = PBXGroup;
			children = (
				3FE010561B1D3876006AD626 /* Info.plist */,
			);
			name = "Supporting Files";
			sourceTree = "<group>";
		};
/* End PBXGroup section */

/* Begin PBXNativeTarget section */
		3FE0103B1B1D3875006AD626 /* Pitch Perfect */ = {
			isa = PBXNativeTarget;
			buildConfigurationList = 3FE0105B1B1D3876006AD626 /* Build configuration list for PBXNativeTarget "Pitch Perfect" */;
			buildPhases = (
				3FE010381B1D3875006AD626 /* Sources */,
				3FE010391B1D3875006AD626 /* Frameworks */,
				3FE0103A1B1D3875006AD626 /* Resources */,
			);
			buildRules = (
			);
			dependencies = (
			);
			name = "Pitch Perfect";
			productName = "Pitch Perfect";
			productReference = 3FE0103C1B1D3875006AD626 /* Pitch Perfect.app */;
			productType = "com.apple.product-type.application";
		};
		3FE010501B1D3876006AD626 /* Pitch PerfectTests */ = {
			isa = PBXNativeTarget;
			buildConfigurationList = 3FE0105E1B1D3876006AD626 /* Build configuration list for PBXNativeTarget "Pitch PerfectTests" */;
			buildPhases = (
				3FE0104D1B1D3876006AD626 /* Sources */,
				3FE0104E1B1D3876006AD626 /* Frameworks */,
				3FE0104F1B1D3876006AD626 /* Resources */,
			);
			buildRules = (
			);
			dependencies = (
				3FE010531B1D3876006AD626 /* PBXTargetDependency */,
			);
			name = "Pitch PerfectTests";
			productName = "Pitch PerfectTests";
			productReference = 3FE010511B1D3876006AD626 /* Pitch PerfectTests.xctest */;
			productType = "com.apple.product-type.bundle.unit-test";
		};
/* End PBXNativeTarget section */

/* Begin PBXProject section */
		3FE010341B1D3875006AD626 /* Project object */ = {
			isa = PBXProject;
			attributes = {
				LastUpgradeCheck = 0630;
				ORGANIZATIONNAME = Globant;
				TargetAttributes = {
					3FE0103B1B1D3875006AD626 = {
						CreatedOnToolsVersion = 6.3.2;
					};
					3FE010501B1D3876006AD626 = {
						CreatedOnToolsVersion = 6.3.2;
						TestTargetID = 3FE0103B1B1D3875006AD626;
					};
				};
			};
			buildConfigurationList = 3FE010371B1D3875006AD626 /* Build configuration list for PBXProject "Pitch Perfect" */;
			compatibilityVersion = "Xcode 3.2";
			developmentRegion = English;
			hasScannedForEncodings = 0;
			knownRegions = (
				en,
				Base,
			);
			mainGroup = 3FE010331B1D3875006AD626;
			productRefGroup = 3FE0103D1B1D3875006AD626 /* Products */;
			projectDirPath = "";
			projectRoot = "";
			targets = (
				3FE0103B1B1D3875006AD626 /* Pitch Perfect */,
				3FE010501B1D3876006AD626 /* Pitch PerfectTests */,
			);
		};
/* End PBXProject section */

/* Begin PBXResourcesBuildPhase section */
		3FE0103A1B1D3875006AD626 /* Resources */ = {
			isa = PBXResourcesBuildPhase;
			buildActionMask = 2147483647;
			files = (
				3FE010471B1D3875006AD626 /* Main.storyboard in Resources */,
				3FE0104C1B1D3876006AD626 /* LaunchScreen.xib in Resources */,
				3FE010491B1D3875006AD626 /* Images.xcassets in Resources */,
			);
			runOnlyForDeploymentPostprocessing = 0;
		};
		3FE0104F1B1D3876006AD626 /* Resources */ = {
			isa = PBXResourcesBuildPhase;
			buildActionMask = 2147483647;
			files = (
			);
			runOnlyForDeploymentPostprocessing = 0;
		};
/* End PBXResourcesBuildPhase section */

/* Begin PBXSourcesBuildPhase section */
		3FE010381B1D3875006AD626 /* Sources */ = {
			isa = PBXSourcesBuildPhase;
			buildActionMask = 2147483647;
			files = (
				3FE010441B1D3875006AD626 /* ViewController.swift in Sources */,
				3FE010421B1D3875006AD626 /* AppDelegate.swift in Sources */,
			);
			runOnlyForDeploymentPostprocessing = 0;
		};
		3FE0104D1B1D3876006AD626 /* Sources */ = {
			isa = PBXSourcesBuildPhase;
			buildActionMask = 2147483647;
			files = (
				3FE010581B1D3876006AD626 /* Pitch_PerfectTests.swift in Sources */,
			);
			runOnlyForDeploymentPostprocessing = 0;
		};
/* End PBXSourcesBuildPhase section */

/* Begin PBXTargetDependency section */
		3FE010531B1D3876006AD626 /* PBXTargetDependency */ = {
			isa = PBXTargetDependency;
			target = 3FE0103B1B1D3875006AD626 /* Pitch Perfect */;
			targetProxy = 3FE010521B1D3876006AD626 /* PBXContainerItemProxy */;
		};
/* End PBXTargetDependency section */

/* Begin PBXVariantGroup section */
		3FE010451B1D3875006AD626 /* Main.storyboard */ = {
			isa = PBXVariantGroup;
			children = (
				3FE010461B1D3875006AD626 /* Base */,
			);
			name = Main.storyboard;
			sourceTree = "<group>";
		};
		3FE0104A1B1D3876006AD626 /* LaunchScreen.xib */ = {
			isa = PBXVariantGroup;
			children = (
				3FE0104B1B1D3876006AD626 /* Base */,
			);
			name = LaunchScreen.xib;
			sourceTree = "<group>";
		};
/* End PBXVariantGroup section */

/* Begin XCBuildConfiguration section */
		3FE010591B1D3876006AD626 /* Debug */ = {
			isa = XCBuildConfiguration;
			buildSettings = {
				ALWAYS_SEARCH_USER_PATHS = NO;
				CLANG_CXX_LANGUAGE_STANDARD = "gnu++0x";
				CLANG_CXX_LIBRARY = "libc++";
				CLANG_ENABLE_MODULES = YES;
				CLANG_ENABLE_OBJC_ARC = YES;
				CLANG_WARN_BOOL_CONVERSION = YES;
				CLANG_WARN_CONSTANT_CONVERSION = YES;
				CLANG_WARN_DIRECT_OBJC_ISA_USAGE = YES_ERROR;
				CLANG_WARN_EMPTY_BODY = YES;
				CLANG_WARN_ENUM_CONVERSION = YES;
				CLANG_WARN_INT_CONVERSION = YES;
				CLANG_WARN_OBJC_ROOT_CLASS = YES_ERROR;
				CLANG_WARN_UNREACHABLE_CODE = YES;
				CLANG_WARN__DUPLICATE_METHOD_MATCH = YES;
				"CODE_SIGN_IDENTITY[sdk=iphoneos*]" = "iPhone Developer";
				COPY_PHASE_STRIP = NO;
				DEBUG_INFORMATION_FORMAT = "dwarf-with-dsym";
				ENABLE_STRICT_OBJC_MSGSEND = YES;
				GCC_C_LANGUAGE_STANDARD = gnu99;
				GCC_DYNAMIC_NO_PIC = NO;
				GCC_NO_COMMON_BLOCKS = YES;
				GCC_OPTIMIZATION_LEVEL = 0;
				GCC_PREPROCESSOR_DEFINITIONS = (
					"DEBUG=1",
					"$(inherited)",
				);
				GCC_SYMBOLS_PRIVATE_EXTERN = NO;
				GCC_WARN_64_TO_32_BIT_CONVERSION = YES;
				GCC_WARN_ABOUT_RETURN_TYPE = YES_ERROR;
				GCC_WARN_UNDECLARED_SELECTOR = YES;
				GCC_WARN_UNINITIALIZED_AUTOS = YES_AGGRESSIVE;
				GCC_WARN_UNUSED_FUNCTION = YES;
				GCC_WARN_UNUSED_VARIABLE = YES;
				IPHONEOS_DEPLOYMENT_TARGET = 8.3;
				MTL_ENABLE_DEBUG_INFO = YES;
				ONLY_ACTIVE_ARCH = YES;
				SDKROOT = iphoneos;
				SWIFT_OPTIMIZATION_LEVEL = "-Onone";
			};
			name = Debug;
		};
		3FE0105A1B1D3876006AD626 /* Release */ = {
			isa = XCBuildConfiguration;
			buildSettings = {
				ALWAYS_SEARCH_USER_PATHS = NO;
				CLANG_CXX_LANGUAGE_STANDARD = "gnu++0x";
				CLANG_CXX_LIBRARY = "libc++";
				CLANG_ENABLE_MODULES = YES;
				CLANG_ENABLE_OBJC_ARC = YES;
				CLANG_WARN_BOOL_CONVERSION = YES;
				CLANG_WARN_CONSTANT_CONVERSION = YES;
				CLANG_WARN_DIRECT_OBJC_ISA_USAGE = YES_ERROR;
				CLANG_WARN_EMPTY_BODY = YES;
				CLANG_WARN_ENUM_CONVERSION = YES;
				CLANG_WARN_INT_CONVERSION = YES;
				CLANG_WARN_OBJC_ROOT_CLASS = YES_ERROR;
				CLANG_WARN_UNREACHABLE_CODE = YES;
				CLANG_WARN__DUPLICATE_METHOD_MATCH = YES;
				"CODE_SIGN_IDENTITY[sdk=iphoneos*]" = "iPhone Developer";
				COPY_PHASE_STRIP = NO;
				DEBUG_INFORMATION_FORMAT = "dwarf-with-dsym";
				ENABLE_NS_ASSERTIONS = NO;
				ENABLE_STRICT_OBJC_MSGSEND = YES;
				GCC_C_LANGUAGE_STANDARD = gnu99;
				GCC_NO_COMMON_BLOCKS = YES;
				GCC_WARN_64_TO_32_BIT_CONVERSION = YES;
				GCC_WARN_ABOUT_RETURN_TYPE = YES_ERROR;
				GCC_WARN_UNDECLARED_SELECTOR = YES;
				GCC_WARN_UNINITIALIZED_AUTOS = YES_AGGRESSIVE;
				GCC_WARN_UNUSED_FUNCTION = YES;
				GCC_WARN_UNUSED_VARIABLE = YES;
				IPHONEOS_DEPLOYMENT_TARGET = 8.3;
				MTL_ENABLE_DEBUG_INFO = NO;
				SDKROOT = iphoneos;
				VALIDATE_PRODUCT = YES;
			};
			name = Release;
		};
		3FE0105C1B1D3876006AD626 /* Debug */ = {
			isa = XCBuildConfiguration;
			buildSettings = {
				ASSETCATALOG_COMPILER_APPICON_NAME = AppIcon;
				INFOPLIST_FILE = "Pitch Perfect/Info.plist";
				LD_RUNPATH_SEARCH_PATHS = "$(inherited) @executable_path/Frameworks";
				PRODUCT_NAME = "$(TARGET_NAME)";
			};
			name = Debug;
		};
		3FE0105D1B1D3876006AD626 /* Release */ = {
			isa = XCBuildConfiguration;
			buildSettings = {
				ASSETCATALOG_COMPILER_APPICON_NAME = AppIcon;
				INFOPLIST_FILE = "Pitch Perfect/Info.plist";
				LD_RUNPATH_SEARCH_PATHS = "$(inherited) @executable_path/Frameworks";
				PRODUCT_NAME = "$(TARGET_NAME)";
			};
			name = Release;
		};
		3FE0105F1B1D3876006AD626 /* Debug */ = {
			isa = XCBuildConfiguration;
			buildSettings = {
				BUNDLE_LOADER = "$(TEST_HOST)";
				FRAMEWORK_SEARCH_PATHS = (
					"$(SDKROOT)/Developer/Library/Frameworks",
					"$(inherited)",
				);
				GCC_PREPROCESSOR_DEFINITIONS = (
					"DEBUG=1",
					"$(inherited)",
				);
				INFOPLIST_FILE = "Pitch PerfectTests/Info.plist";
				LD_RUNPATH_SEARCH_PATHS = "$(inherited) @executable_path/Frameworks @loader_path/Frameworks";
				PRODUCT_NAME = "$(TARGET_NAME)";
				TEST_HOST = "$(BUILT_PRODUCTS_DIR)/Pitch Perfect.app/Pitch Perfect";
			};
			name = Debug;
		};
		3FE010601B1D3876006AD626 /* Release */ = {
			isa = XCBuildConfiguration;
			buildSettings = {
				BUNDLE_LOADER = "$(TEST_HOST)";
				FRAMEWORK_SEARCH_PATHS = (
					"$(SDKROOT)/Developer/Library/Frameworks",
					"$(inherited)",
				);
				INFOPLIST_FILE = "Pitch PerfectTests/Info.plist";
				LD_RUNPATH_SEARCH_PATHS = "$(inherited) @executable_path/Frameworks @loader_path/Frameworks";
				PRODUCT_NAME = "$(TARGET_NAME)";
				TEST_HOST = "$(BUILT_PRODUCTS_DIR)/Pitch Perfect.app/Pitch Perfect";
			};
			name = Release;
		};
/* End XCBuildConfiguration section */

/* Begin XCConfigurationList section */
		3FE010371B1D3875006AD626 /* Build configuration list for PBXProject "Pitch Perfect" */ = {
			isa = XCConfigurationList;
			buildConfigurations = (
				3FE010591B1D3876006AD626 /* Debug */,
				3FE0105A1B1D3876006AD626 /* Release */,
			);
			defaultConfigurationIsVisible = 0;
			defaultConfigurationName = Release;
		};
		3FE0105B1B1D3876006AD626 /* Build configuration list for PBXNativeTarget "Pitch Perfect" */ = {
			isa = XCConfigurationList;
			buildConfigurations = (
				3FE0105C1B1D3876006AD626 /* Debug */,
				3FE0105D1B1D3876006AD626 /* Release */,
			);
			defaultConfigurationIsVisible = 0;
		};
		3FE0105E1B1D3876006AD626 /* Build configuration list for PBXNativeTarget "Pitch PerfectTests" */ = {
			isa = XCConfigurationList;
			buildConfigurations = (
				3FE0105F1B1D3876006AD626 /* Debug */,
				3FE010601B1D3876006AD626 /* Release */,
			);
			defaultConfigurationIsVisible = 0;
		};
/* End XCConfigurationList section */
	};
	rootObject = 3FE010341B1D3875006AD626 /* Project object */;
}
